// !$*UTF8*$!
{
	archiveVersion = 1;
	classes = {
	};
	objectVersion = 46;
	objects = {

/* Begin PBXBuildFile section */
		C22162EA1E78BAD80025276D /* GridEntity.m in Sources */ = {isa = PBXBuildFile; fileRef = C22162E91E78BAD80025276D /* GridEntity.m */; };
		C256C06C1E78028F002216E3 /* AppDelegate.m in Sources */ = {isa = PBXBuildFile; fileRef = C256C06B1E78028F002216E3 /* AppDelegate.m */; };
		C256C06F1E78028F002216E3 /* main.m in Sources */ = {isa = PBXBuildFile; fileRef = C256C06E1E78028F002216E3 /* main.m */; };
		C256C0741E78028F002216E3 /* Assets.xcassets in Resources */ = {isa = PBXBuildFile; fileRef = C256C0731E78028F002216E3 /* Assets.xcassets */; };
		C256C0771E78028F002216E3 /* Main.storyboard in Resources */ = {isa = PBXBuildFile; fileRef = C256C0751E78028F002216E3 /* Main.storyboard */; };
		C2D783761E7850AD00E6B789 /* CarousellView.m in Sources */ = {isa = PBXBuildFile; fileRef = C2D783751E7850AD00E6B789 /* CarousellView.m */; };
		C2D783791E785BB700E6B789 /* GridView.m in Sources */ = {isa = PBXBuildFile; fileRef = C2D783781E785BB700E6B789 /* GridView.m */; };
		C2FD965A1E79760F006E8F53 /* BoardUI.h in Headers */ = {isa = PBXBuildFile; fileRef = C2FD96581E79760F006E8F53 /* BoardUI.h */; settings = {ATTRIBUTES = (Public, ); }; };
		C2FD965D1E79760F006E8F53 /* BoardUI.framework in Frameworks */ = {isa = PBXBuildFile; fileRef = C2FD96561E79760F006E8F53 /* BoardUI.framework */; };
		C2FD965E1E79760F006E8F53 /* BoardUI.framework in Embed Frameworks */ = {isa = PBXBuildFile; fileRef = C2FD96561E79760F006E8F53 /* BoardUI.framework */; settings = {ATTRIBUTES = (CodeSignOnCopy, RemoveHeadersOnCopy, ); }; };
		C2FD96631E79761E006E8F53 /* GridView.m in Sources */ = {isa = PBXBuildFile; fileRef = C2D783781E785BB700E6B789 /* GridView.m */; };
		C2FD96641E797623006E8F53 /* GridEntity.m in Sources */ = {isa = PBXBuildFile; fileRef = C22162E91E78BAD80025276D /* GridEntity.m */; };
		C2FD967A1E799FE1006E8F53 /* SlidersStackView.m in Sources */ = {isa = PBXBuildFile; fileRef = C2FD96791E799FE1006E8F53 /* SlidersStackView.m */; };
		C2FD96801E79A14D006E8F53 /* Slider.m in Sources */ = {isa = PBXBuildFile; fileRef = C2FD967F1E79A14D006E8F53 /* Slider.m */; };
		C2FD96821E79A3E0006E8F53 /* Slider.xib in Resources */ = {isa = PBXBuildFile; fileRef = C2FD96811E79A3E0006E8F53 /* Slider.xib */; };
/* End PBXBuildFile section */

/* Begin PBXContainerItemProxy section */
		C2FD965B1E79760F006E8F53 /* PBXContainerItemProxy */ = {
			isa = PBXContainerItemProxy;
			containerPortal = C256C05F1E78028F002216E3 /* Project object */;
			proxyType = 1;
			remoteGlobalIDString = C2FD96551E79760F006E8F53;
			remoteInfo = BoardUI;
		};
/* End PBXContainerItemProxy section */

/* Begin PBXCopyFilesBuildPhase section */
		C2FD96621E79760F006E8F53 /* Embed Frameworks */ = {
			isa = PBXCopyFilesBuildPhase;
			buildActionMask = 2147483647;
			dstPath = "";
			dstSubfolderSpec = 10;
			files = (
				C2FD965E1E79760F006E8F53 /* BoardUI.framework in Embed Frameworks */,
			);
			name = "Embed Frameworks";
			runOnlyForDeploymentPostprocessing = 0;
		};
/* End PBXCopyFilesBuildPhase section */

/* Begin PBXFileReference section */
		C22162E81E78BAD80025276D /* GridEntity.h */ = {isa = PBXFileReference; fileEncoding = 4; lastKnownFileType = sourcecode.c.h; path = GridEntity.h; sourceTree = "<group>"; };
		C22162E91E78BAD80025276D /* GridEntity.m */ = {isa = PBXFileReference; fileEncoding = 4; lastKnownFileType = sourcecode.c.objc; path = GridEntity.m; sourceTree = "<group>"; };
		C256C0671E78028F002216E3 /* BoardInterface.app */ = {isa = PBXFileReference; explicitFileType = wrapper.application; includeInIndex = 0; path = BoardInterface.app; sourceTree = BUILT_PRODUCTS_DIR; };
		C256C06A1E78028F002216E3 /* AppDelegate.h */ = {isa = PBXFileReference; lastKnownFileType = sourcecode.c.h; path = AppDelegate.h; sourceTree = "<group>"; };
		C256C06B1E78028F002216E3 /* AppDelegate.m */ = {isa = PBXFileReference; lastKnownFileType = sourcecode.c.objc; path = AppDelegate.m; sourceTree = "<group>"; };
		C256C06E1E78028F002216E3 /* main.m */ = {isa = PBXFileReference; lastKnownFileType = sourcecode.c.objc; path = main.m; sourceTree = "<group>"; };
		C256C0731E78028F002216E3 /* Assets.xcassets */ = {isa = PBXFileReference; lastKnownFileType = folder.assetcatalog; path = Assets.xcassets; sourceTree = "<group>"; };
		C256C0761E78028F002216E3 /* Base */ = {isa = PBXFileReference; lastKnownFileType = file.storyboard; name = Base; path = Base.lproj/Main.storyboard; sourceTree = "<group>"; };
		C256C0781E78028F002216E3 /* Info.plist */ = {isa = PBXFileReference; lastKnownFileType = text.plist.xml; path = Info.plist; sourceTree = "<group>"; };
		C2D783741E7850AD00E6B789 /* CarousellView.h */ = {isa = PBXFileReference; fileEncoding = 4; lastKnownFileType = sourcecode.c.h; path = CarousellView.h; sourceTree = "<group>"; };
		C2D783751E7850AD00E6B789 /* CarousellView.m */ = {isa = PBXFileReference; fileEncoding = 4; lastKnownFileType = sourcecode.c.objc; path = CarousellView.m; sourceTree = "<group>"; };
		C2D783771E785BB700E6B789 /* GridView.h */ = {isa = PBXFileReference; fileEncoding = 4; lastKnownFileType = sourcecode.c.h; path = GridView.h; sourceTree = "<group>"; };
		C2D783781E785BB700E6B789 /* GridView.m */ = {isa = PBXFileReference; fileEncoding = 4; lastKnownFileType = sourcecode.c.objc; path = GridView.m; sourceTree = "<group>"; };
		C2FD96561E79760F006E8F53 /* BoardUI.framework */ = {isa = PBXFileReference; explicitFileType = wrapper.framework; includeInIndex = 0; path = BoardUI.framework; sourceTree = BUILT_PRODUCTS_DIR; };
		C2FD96581E79760F006E8F53 /* BoardUI.h */ = {isa = PBXFileReference; lastKnownFileType = sourcecode.c.h; path = BoardUI.h; sourceTree = "<group>"; };
		C2FD96591E79760F006E8F53 /* Info.plist */ = {isa = PBXFileReference; lastKnownFileType = text.plist.xml; path = Info.plist; sourceTree = "<group>"; };
		C2FD96781E799FE1006E8F53 /* SlidersStackView.h */ = {isa = PBXFileReference; fileEncoding = 4; lastKnownFileType = sourcecode.c.h; path = SlidersStackView.h; sourceTree = "<group>"; };
		C2FD96791E799FE1006E8F53 /* SlidersStackView.m */ = {isa = PBXFileReference; fileEncoding = 4; lastKnownFileType = sourcecode.c.objc; path = SlidersStackView.m; sourceTree = "<group>"; };
		C2FD967E1E79A14D006E8F53 /* Slider.h */ = {isa = PBXFileReference; fileEncoding = 4; lastKnownFileType = sourcecode.c.h; path = Slider.h; sourceTree = "<group>"; };
		C2FD967F1E79A14D006E8F53 /* Slider.m */ = {isa = PBXFileReference; fileEncoding = 4; lastKnownFileType = sourcecode.c.objc; path = Slider.m; sourceTree = "<group>"; };
		C2FD96811E79A3E0006E8F53 /* Slider.xib */ = {isa = PBXFileReference; fileEncoding = 4; lastKnownFileType = file.xib; path = Slider.xib; sourceTree = "<group>"; };
/* End PBXFileReference section */

/* Begin PBXFrameworksBuildPhase section */
		C256C0641E78028F002216E3 /* Frameworks */ = {
			isa = PBXFrameworksBuildPhase;
			buildActionMask = 2147483647;
			files = (
				C2FD965D1E79760F006E8F53 /* BoardUI.framework in Frameworks */,
			);
			runOnlyForDeploymentPostprocessing = 0;
		};
		C2FD96521E79760F006E8F53 /* Frameworks */ = {
			isa = PBXFrameworksBuildPhase;
			buildActionMask = 2147483647;
			files = (
			);
			runOnlyForDeploymentPostprocessing = 0;
		};
/* End PBXFrameworksBuildPhase section */

/* Begin PBXGroup section */
		C256C05E1E78028F002216E3 = {
			isa = PBXGroup;
			children = (
				C256C0691E78028F002216E3 /* BoardInterface */,
				C2FD96571E79760F006E8F53 /* BoardUI */,
				C256C0681E78028F002216E3 /* Products */,
			);
			sourceTree = "<group>";
		};
		C256C0681E78028F002216E3 /* Products */ = {
			isa = PBXGroup;
			children = (
				C256C0671E78028F002216E3 /* BoardInterface.app */,
				C2FD96561E79760F006E8F53 /* BoardUI.framework */,
			);
			name = Products;
			sourceTree = "<group>";
		};
		C256C0691E78028F002216E3 /* BoardInterface */ = {
			isa = PBXGroup;
			children = (
				C2FD967D1E79A022006E8F53 /* Carrousel */,
				C2FD967C1E799FF2006E8F53 /* Slider */,
				C2FD967B1E799FE7006E8F53 /* Board */,
				C256C06A1E78028F002216E3 /* AppDelegate.h */,
				C256C06B1E78028F002216E3 /* AppDelegate.m */,
				C256C0731E78028F002216E3 /* Assets.xcassets */,
				C256C0751E78028F002216E3 /* Main.storyboard */,
				C256C0781E78028F002216E3 /* Info.plist */,
				C256C06D1E78028F002216E3 /* Supporting Files */,
			);
			path = BoardInterface;
			sourceTree = "<group>";
		};
		C256C06D1E78028F002216E3 /* Supporting Files */ = {
			isa = PBXGroup;
			children = (
				C256C06E1E78028F002216E3 /* main.m */,
			);
			name = "Supporting Files";
			sourceTree = "<group>";
		};
		C2FD96571E79760F006E8F53 /* BoardUI */ = {
			isa = PBXGroup;
			children = (
				C2FD96581E79760F006E8F53 /* BoardUI.h */,
				C2FD96591E79760F006E8F53 /* Info.plist */,
			);
			path = BoardUI;
			sourceTree = "<group>";
		};
		C2FD967B1E799FE7006E8F53 /* Board */ = {
			isa = PBXGroup;
			children = (
				C2D783771E785BB700E6B789 /* GridView.h */,
				C2D783781E785BB700E6B789 /* GridView.m */,
				C22162E81E78BAD80025276D /* GridEntity.h */,
				C22162E91E78BAD80025276D /* GridEntity.m */,
			);
			name = Board;
			sourceTree = "<group>";
		};
		C2FD967C1E799FF2006E8F53 /* Slider */ = {
			isa = PBXGroup;
			children = (
				C2FD96781E799FE1006E8F53 /* SlidersStackView.h */,
				C2FD96791E799FE1006E8F53 /* SlidersStackView.m */,
				C2FD967E1E79A14D006E8F53 /* Slider.h */,
				C2FD967F1E79A14D006E8F53 /* Slider.m */,
				C2FD96811E79A3E0006E8F53 /* Slider.xib */,
			);
			name = Slider;
			sourceTree = "<group>";
		};
		C2FD967D1E79A022006E8F53 /* Carrousel */ = {
			isa = PBXGroup;
			children = (
				C2D783741E7850AD00E6B789 /* CarousellView.h */,
				C2D783751E7850AD00E6B789 /* CarousellView.m */,
			);
			name = Carrousel;
			sourceTree = "<group>";
		};
/* End PBXGroup section */

/* Begin PBXHeadersBuildPhase section */
		C2FD96531E79760F006E8F53 /* Headers */ = {
			isa = PBXHeadersBuildPhase;
			buildActionMask = 2147483647;
			files = (
				C2FD965A1E79760F006E8F53 /* BoardUI.h in Headers */,
			);
			runOnlyForDeploymentPostprocessing = 0;
		};
/* End PBXHeadersBuildPhase section */

/* Begin PBXNativeTarget section */
		C256C0661E78028F002216E3 /* BoardInterface */ = {
			isa = PBXNativeTarget;
			buildConfigurationList = C256C07B1E78028F002216E3 /* Build configuration list for PBXNativeTarget "BoardInterface" */;
			buildPhases = (
				C256C0631E78028F002216E3 /* Sources */,
				C256C0641E78028F002216E3 /* Frameworks */,
				C256C0651E78028F002216E3 /* Resources */,
				C2FD96621E79760F006E8F53 /* Embed Frameworks */,
			);
			buildRules = (
			);
			dependencies = (
				C2FD965C1E79760F006E8F53 /* PBXTargetDependency */,
			);
			name = BoardInterface;
			productName = BoardInterface;
			productReference = C256C0671E78028F002216E3 /* BoardInterface.app */;
			productType = "com.apple.product-type.application";
		};
		C2FD96551E79760F006E8F53 /* BoardUI */ = {
			isa = PBXNativeTarget;
			buildConfigurationList = C2FD96611E79760F006E8F53 /* Build configuration list for PBXNativeTarget "BoardUI" */;
			buildPhases = (
				C2FD96511E79760F006E8F53 /* Sources */,
				C2FD96521E79760F006E8F53 /* Frameworks */,
				C2FD96531E79760F006E8F53 /* Headers */,
				C2FD96541E79760F006E8F53 /* Resources */,
			);
			buildRules = (
			);
			dependencies = (
			);
			name = BoardUI;
			productName = BoardUI;
			productReference = C2FD96561E79760F006E8F53 /* BoardUI.framework */;
			productType = "com.apple.product-type.framework";
		};
/* End PBXNativeTarget section */

/* Begin PBXProject section */
		C256C05F1E78028F002216E3 /* Project object */ = {
			isa = PBXProject;
			attributes = {
				LastUpgradeCheck = 0810;
				ORGANIZATIONNAME = "Maciej Chmielewski";
				TargetAttributes = {
					C256C0661E78028F002216E3 = {
						CreatedOnToolsVersion = 8.1;
						DevelopmentTeam = 76RXF4V6NR;
						ProvisioningStyle = Automatic;
					};
					C2FD96551E79760F006E8F53 = {
						CreatedOnToolsVersion = 8.1;
						DevelopmentTeam = 76RXF4V6NR;
						ProvisioningStyle = Automatic;
					};
				};
			};
			buildConfigurationList = C256C0621E78028F002216E3 /* Build configuration list for PBXProject "BoardInterface" */;
			compatibilityVersion = "Xcode 3.2";
			developmentRegion = English;
			hasScannedForEncodings = 0;
			knownRegions = (
				en,
				Base,
			);
			mainGroup = C256C05E1E78028F002216E3;
			productRefGroup = C256C0681E78028F002216E3 /* Products */;
			projectDirPath = "";
			projectRoot = "";
			targets = (
				C256C0661E78028F002216E3 /* BoardInterface */,
				C2FD96551E79760F006E8F53 /* BoardUI */,
			);
		};
/* End PBXProject section */

/* Begin PBXResourcesBuildPhase section */
		C256C0651E78028F002216E3 /* Resources */ = {
			isa = PBXResourcesBuildPhase;
			buildActionMask = 2147483647;
			files = (
				C256C0741E78028F002216E3 /* Assets.xcassets in Resources */,
				C256C0771E78028F002216E3 /* Main.storyboard in Resources */,
				C2FD96821E79A3E0006E8F53 /* Slider.xib in Resources */,
			);
			runOnlyForDeploymentPostprocessing = 0;
		};
		C2FD96541E79760F006E8F53 /* Resources */ = {
			isa = PBXResourcesBuildPhase;
			buildActionMask = 2147483647;
			files = (
			);
			runOnlyForDeploymentPostprocessing = 0;
		};
/* End PBXResourcesBuildPhase section */

/* Begin PBXSourcesBuildPhase section */
		C256C0631E78028F002216E3 /* Sources */ = {
			isa = PBXSourcesBuildPhase;
			buildActionMask = 2147483647;
			files = (
				C256C06F1E78028F002216E3 /* main.m in Sources */,
				C22162EA1E78BAD80025276D /* GridEntity.m in Sources */,
				C2FD967A1E799FE1006E8F53 /* SlidersStackView.m in Sources */,
				C2D783791E785BB700E6B789 /* GridView.m in Sources */,
				C256C06C1E78028F002216E3 /* AppDelegate.m in Sources */,
				C2D783761E7850AD00E6B789 /* CarousellView.m in Sources */,
				C2FD96801E79A14D006E8F53 /* Slider.m in Sources */,
			);
			runOnlyForDeploymentPostprocessing = 0;
		};
		C2FD96511E79760F006E8F53 /* Sources */ = {
			isa = PBXSourcesBuildPhase;
			buildActionMask = 2147483647;
			files = (
				C2FD96641E797623006E8F53 /* GridEntity.m in Sources */,
				C2FD96631E79761E006E8F53 /* GridView.m in Sources */,
			);
			runOnlyForDeploymentPostprocessing = 0;
		};
/* End PBXSourcesBuildPhase section */

/* Begin PBXTargetDependency section */
		C2FD965C1E79760F006E8F53 /* PBXTargetDependency */ = {
			isa = PBXTargetDependency;
			target = C2FD96551E79760F006E8F53 /* BoardUI */;
			targetProxy = C2FD965B1E79760F006E8F53 /* PBXContainerItemProxy */;
		};
/* End PBXTargetDependency section */

/* Begin PBXVariantGroup section */
		C256C0751E78028F002216E3 /* Main.storyboard */ = {
			isa = PBXVariantGroup;
			children = (
				C256C0761E78028F002216E3 /* Base */,
			);
			name = Main.storyboard;
			sourceTree = "<group>";
		};
/* End PBXVariantGroup section */

/* Begin XCBuildConfiguration section */
		C256C0791E78028F002216E3 /* Debug */ = {
			isa = XCBuildConfiguration;
			buildSettings = {
				ALWAYS_SEARCH_USER_PATHS = NO;
				CLANG_ANALYZER_NONNULL = YES;
				CLANG_CXX_LANGUAGE_STANDARD = "gnu++0x";
				CLANG_CXX_LIBRARY = "libc++";
				CLANG_ENABLE_MODULES = YES;
				CLANG_ENABLE_OBJC_ARC = YES;
				CLANG_WARN_BOOL_CONVERSION = YES;
				CLANG_WARN_CONSTANT_CONVERSION = YES;
				CLANG_WARN_DIRECT_OBJC_ISA_USAGE = YES_ERROR;
				CLANG_WARN_DOCUMENTATION_COMMENTS = YES;
				CLANG_WARN_EMPTY_BODY = YES;
				CLANG_WARN_ENUM_CONVERSION = YES;
				CLANG_WARN_INFINITE_RECURSION = YES;
				CLANG_WARN_INT_CONVERSION = YES;
				CLANG_WARN_OBJC_ROOT_CLASS = YES_ERROR;
				CLANG_WARN_SUSPICIOUS_MOVES = YES;
				CLANG_WARN_UNREACHABLE_CODE = YES;
				CLANG_WARN__DUPLICATE_METHOD_MATCH = YES;
				CODE_SIGN_IDENTITY = "-";
				COPY_PHASE_STRIP = NO;
				DEBUG_INFORMATION_FORMAT = dwarf;
				ENABLE_STRICT_OBJC_MSGSEND = YES;
				ENABLE_TESTABILITY = YES;
				GCC_C_LANGUAGE_STANDARD = gnu99;
				GCC_DYNAMIC_NO_PIC = NO;
				GCC_NO_COMMON_BLOCKS = YES;
				GCC_OPTIMIZATION_LEVEL = 0;
				GCC_PREPROCESSOR_DEFINITIONS = (
					"DEBUG=1",
					"$(inherited)",
				);
				GCC_WARN_64_TO_32_BIT_CONVERSION = YES;
				GCC_WARN_ABOUT_RETURN_TYPE = YES_ERROR;
				GCC_WARN_UNDECLARED_SELECTOR = YES;
				GCC_WARN_UNINITIALIZED_AUTOS = YES_AGGRESSIVE;
				GCC_WARN_UNUSED_FUNCTION = YES;
				GCC_WARN_UNUSED_VARIABLE = YES;
				MACOSX_DEPLOYMENT_TARGET = 10.12;
				MTL_ENABLE_DEBUG_INFO = YES;
				ONLY_ACTIVE_ARCH = YES;
				SDKROOT = macosx;
			};
			name = Debug;
		};
		C256C07A1E78028F002216E3 /* Release */ = {
			isa = XCBuildConfiguration;
			buildSettings = {
				ALWAYS_SEARCH_USER_PATHS = NO;
				CLANG_ANALYZER_NONNULL = YES;
				CLANG_CXX_LANGUAGE_STANDARD = "gnu++0x";
				CLANG_CXX_LIBRARY = "libc++";
				CLANG_ENABLE_MODULES = YES;
				CLANG_ENABLE_OBJC_ARC = YES;
				CLANG_WARN_BOOL_CONVERSION = YES;
				CLANG_WARN_CONSTANT_CONVERSION = YES;
				CLANG_WARN_DIRECT_OBJC_ISA_USAGE = YES_ERROR;
				CLANG_WARN_DOCUMENTATION_COMMENTS = YES;
				CLANG_WARN_EMPTY_BODY = YES;
				CLANG_WARN_ENUM_CONVERSION = YES;
				CLANG_WARN_INFINITE_RECURSION = YES;
				CLANG_WARN_INT_CONVERSION = YES;
				CLANG_WARN_OBJC_ROOT_CLASS = YES_ERROR;
				CLANG_WARN_SUSPICIOUS_MOVES = YES;
				CLANG_WARN_UNREACHABLE_CODE = YES;
				CLANG_WARN__DUPLICATE_METHOD_MATCH = YES;
				CODE_SIGN_IDENTITY = "-";
				COPY_PHASE_STRIP = NO;
				DEBUG_INFORMATION_FORMAT = "dwarf-with-dsym";
				ENABLE_NS_ASSERTIONS = NO;
				ENABLE_STRICT_OBJC_MSGSEND = YES;
				GCC_C_LANGUAGE_STANDARD = gnu99;
				GCC_NO_COMMON_BLOCKS = YES;
				GCC_WARN_64_TO_32_BIT_CONVERSION = YES;
				GCC_WARN_ABOUT_RETURN_TYPE = YES_ERROR;
				GCC_WARN_UNDECLARED_SELECTOR = YES;
				GCC_WARN_UNINITIALIZED_AUTOS = YES_AGGRESSIVE;
				GCC_WARN_UNUSED_FUNCTION = YES;
				GCC_WARN_UNUSED_VARIABLE = YES;
				MACOSX_DEPLOYMENT_TARGET = 10.12;
				MTL_ENABLE_DEBUG_INFO = NO;
				SDKROOT = macosx;
			};
			name = Release;
		};
		C256C07C1E78028F002216E3 /* Debug */ = {
			isa = XCBuildConfiguration;
			buildSettings = {
				ASSETCATALOG_COMPILER_APPICON_NAME = AppIcon;
				COMBINE_HIDPI_IMAGES = YES;
				DEVELOPMENT_TEAM = 76RXF4V6NR;
				INFOPLIST_FILE = BoardInterface/Info.plist;
				LD_RUNPATH_SEARCH_PATHS = "$(inherited) @executable_path/../Frameworks";
				PRODUCT_BUNDLE_IDENTIFIER = com.mch.BoardInterface;
				PRODUCT_NAME = "$(TARGET_NAME)";
			};
			name = Debug;
		};
		C256C07D1E78028F002216E3 /* Release */ = {
			isa = XCBuildConfiguration;
			buildSettings = {
				ASSETCATALOG_COMPILER_APPICON_NAME = AppIcon;
				COMBINE_HIDPI_IMAGES = YES;
				DEVELOPMENT_TEAM = 76RXF4V6NR;
				INFOPLIST_FILE = BoardInterface/Info.plist;
				LD_RUNPATH_SEARCH_PATHS = "$(inherited) @executable_path/../Frameworks";
				PRODUCT_BUNDLE_IDENTIFIER = com.mch.BoardInterface;
				PRODUCT_NAME = "$(TARGET_NAME)";
			};
			name = Release;
		};
		C2FD965F1E79760F006E8F53 /* Debug */ = {
			isa = XCBuildConfiguration;
			buildSettings = {
				CODE_SIGN_IDENTITY = "";
				COMBINE_HIDPI_IMAGES = YES;
				CURRENT_PROJECT_VERSION = 1;
				DEFINES_MODULE = YES;
				DEVELOPMENT_TEAM = 76RXF4V6NR;
				DYLIB_COMPATIBILITY_VERSION = 1;
				DYLIB_CURRENT_VERSION = 1;
				DYLIB_INSTALL_NAME_BASE = "@rpath";
				FRAMEWORK_VERSION = A;
				INFOPLIST_FILE = BoardUI/Info.plist;
				INSTALL_PATH = "$(LOCAL_LIBRARY_DIR)/Frameworks";
				LD_RUNPATH_SEARCH_PATHS = "$(inherited) @executable_path/../Frameworks @loader_path/Frameworks";
				PRODUCT_BUNDLE_IDENTIFIER = com.mch.BoardUI;
				PRODUCT_NAME = "$(TARGET_NAME)";
				SKIP_INSTALL = YES;
				VERSIONING_SYSTEM = "apple-generic";
				VERSION_INFO_PREFIX = "";
			};
			name = Debug;
		};
		C2FD96601E79760F006E8F53 /* Release */ = {
			isa = XCBuildConfiguration;
			buildSettings = {
				CODE_SIGN_IDENTITY = "";
				COMBINE_HIDPI_IMAGES = YES;
				CURRENT_PROJECT_VERSION = 1;
				DEFINES_MODULE = YES;
				DEVELOPMENT_TEAM = 76RXF4V6NR;
				DYLIB_COMPATIBILITY_VERSION = 1;
				DYLIB_CURRENT_VERSION = 1;
				DYLIB_INSTALL_NAME_BASE = "@rpath";
				FRAMEWORK_VERSION = A;
				INFOPLIST_FILE = BoardUI/Info.plist;
				INSTALL_PATH = "$(LOCAL_LIBRARY_DIR)/Frameworks";
				LD_RUNPATH_SEARCH_PATHS = "$(inherited) @executable_path/../Frameworks @loader_path/Frameworks";
				PRODUCT_BUNDLE_IDENTIFIER = com.mch.BoardUI;
				PRODUCT_NAME = "$(TARGET_NAME)";
				SKIP_INSTALL = YES;
				VERSIONING_SYSTEM = "apple-generic";
				VERSION_INFO_PREFIX = "";
			};
			name = Release;
		};
/* End XCBuildConfiguration section */

/* Begin XCConfigurationList section */
		C256C0621E78028F002216E3 /* Build configuration list for PBXProject "BoardInterface" */ = {
			isa = XCConfigurationList;
			buildConfigurations = (
				C256C0791E78028F002216E3 /* Debug */,
				C256C07A1E78028F002216E3 /* Release */,
			);
			defaultConfigurationIsVisible = 0;
			defaultConfigurationName = Release;
		};
		C256C07B1E78028F002216E3 /* Build configuration list for PBXNativeTarget "BoardInterface" */ = {
			isa = XCConfigurationList;
			buildConfigurations = (
				C256C07C1E78028F002216E3 /* Debug */,
				C256C07D1E78028F002216E3 /* Release */,
			);
			defaultConfigurationIsVisible = 0;
			defaultConfigurationName = Release;
		};
		C2FD96611E79760F006E8F53 /* Build configuration list for PBXNativeTarget "BoardUI" */ = {
			isa = XCConfigurationList;
			buildConfigurations = (
				C2FD965F1E79760F006E8F53 /* Debug */,
				C2FD96601E79760F006E8F53 /* Release */,
			);
			defaultConfigurationIsVisible = 0;
			defaultConfigurationName = Release;
		};
/* End XCConfigurationList section */
	};
	rootObject = C256C05F1E78028F002216E3 /* Project object */;
}
